# This file is generated by running "yarn install" inside your project.
# Manual changes might be lost - proceed with caution!

__metadata:
  version: 4

"root-workspace-0b6124@workspace:.":
  version: 0.0.0-use.local
  resolution: "root-workspace-0b6124@workspace:."
  dependencies:
    workspace: ^0.0.1-preview.1
  languageName: unknown
  linkType: soft

"workspace@npm:^0.0.1-preview.1":
  version: 0.0.1-preview.1
  resolution: "workspace@npm:0.0.1-preview.1"
  checksum: 2/9b1e5944c5535586b680239c7751bea8cff250a2f131524372a029ac7c99ffb7177888c2f6a1259d09f0f560165905841b24fb2da7f65d785bbf22f49a965433
  languageName: node
  linkType: hard
