# THIS IS AN AUTOGENERATED FILE. DO NOT EDIT THIS FILE DIRECTLY.
# yarn lockfile v1


workspace@^0.0.1-preview.1:
  version "0.0.1-preview.1"
  resolved "https://registry.yarnpkg.com/workspace/-/workspace-0.0.1-preview.1.tgz#0ba0a6b92b3dbc7f1502dd12bc27a37b1eec9083"
  integrity sha512-oPpEvU7NIQ0MW7ReL+EigMUI2JPNp05kmqzWS6zXVUaSq5KxuQzfgxGd8wuurBulBkTaOnEcGge+2rriyDVHkw==
